
Microsoft Visual Studio Solution File, Format Version 12.00
# Visual Studio Version 17
VisualStudioVersion = 17.7.34009.444
MinimumVisualStudioVersion = 10.0.40219.1
Project("{2150E333-8FDC-42A3-9474-1A3956D46DE8}") = "_GlobalSuite", "_GlobalSuite", "{77159EFD-2F9F-425F-BDFA-AE0C7F7FC580}"
EndProject
Project("{FAE04EC0-301F-11D3-BF4B-00C04F79EFBC}") = "HR.Business", "Business\HR.Business\HR.Business.csproj", "{AC863E8E-D1E2-45CA-AE87-B1C6DADD0181}"
EndProject
Project("{FAE04EC0-301F-11D3-BF4B-00C04F79EFBC}") = "GL.Business", "Business\GL.Business\GL.Business.csproj", "{A7B0C74D-C1E9-4655-A9DF-0E9D9C2B7A61}"
EndProject
Project("{FAE04EC0-301F-11D3-BF4B-00C04F79EFBC}") = "BaseUtility.Business", "Business\BaseUtility.Business\BaseUtility.Business.csproj", "{E38A07C8-D4DB-4BC8-BA3C-BAB30FA087FB}"
EndProject
Project("{FAE04EC0-301F-11D3-BF4B-00C04F79EFBC}") = "Admin.Business", "Business\Admin.Business\Admin.Business.csproj", "{A22F4B86-0626-4AD9-9F0C-AB188A6BA4F9}"
EndProject
Project("{2150E333-8FDC-42A3-9474-1A3956D46DE8}") = "src", "src", "{E49FC3B4-F6EE-4DF6-B206-F3E57CCD3D62}"
EndProject
Project("{FAE04EC0-301F-11D3-BF4B-00C04F79EFBC}") = "GlobalSuite.Core", "GlobalSuite.Core\GlobalSuite.Core.csproj", "{6CDCCA22-CD3F-4CB3-B3F3-8264D00FB5C3}"
EndProject
Project("{FAE04EC0-301F-11D3-BF4B-00C04F79EFBC}") = "GlobalSuite.Infrastructure", "GlobalSuite.Infrastructure\GlobalSuite.Infrastructure.csproj", "{DF8C488F-F6E8-4F85-B914-9182B9468255}"
EndProject
Project("{FAE04EC0-301F-11D3-BF4B-00C04F79EFBC}") = "CustomerManagement.Business", "Business\CustomerManagement.Business\CustomerManagement.Business.csproj", "{525705E3-E611-4E9F-991C-FE1FCF2EAC1C}"
EndProject
Project("{FAE04EC0-301F-11D3-BF4B-00C04F79EFBC}") = "Asset.Business", "Business\Asset.Business\Asset.Business.csproj", "{1CD60B6A-88FD-49C8-8788-57CFF06A588E}"
EndProject
Project("{FAE04EC0-301F-11D3-BF4B-00C04F79EFBC}") = "Bank.Business", "Business\Bank.Business\Bank.Business.csproj", "{CACB029A-4BB0-449F-A882-FB81644E494D}"
EndProject
Project("{FAE04EC0-301F-11D3-BF4B-00C04F79EFBC}") = "CapitalMarket.Business", "Business\CapitalMarket.Business\CapitalMarket.Business.csproj", "{21FFA49C-7D5B-481E-8833-60AA975F92B6}"
EndProject
Project("{2150E333-8FDC-42A3-9474-1A3956D46DE8}") = "tests", "tests", "{2070F7E5-020E-44C2-ACF9-2BCC4DBE9447}"
EndProject
Project("{FAE04EC0-301F-11D3-BF4B-00C04F79EFBC}") = "GlobalSuite.Core.Tests", "Tests\GlobalSuite.Core.Tests\GlobalSuite.Core.Tests.csproj", "{2B5D3570-9415-46DF-B070-9028DF418E49}"
EndProject
Project("{FAE04EC0-301F-11D3-BF4B-00C04F79EFBC}") = "IntegrationTests", "Tests\IntegrationTests\IntegrationTests.csproj", "{6EF9F6CF-E58F-4B56-91F7-1B69DC797179}"
EndProject
Project("{FAE04EC0-301F-11D3-BF4B-00C04F79EFBC}") = "GlobalSuite.Web", "GlobalSuite.Web\GlobalSuite.Web.csproj", "{4902DEBB-F143-42E3-99C2-60597B1D64A2}"
EndProject
Global
	GlobalSection(SolutionConfigurationPlatforms) = preSolution
		Debug|Any CPU = Debug|Any CPU
		Release|Any CPU = Release|Any CPU
	EndGlobalSection
	GlobalSection(ProjectConfigurationPlatforms) = postSolution
		{AC863E8E-D1E2-45CA-AE87-B1C6DADD0181}.Debug|Any CPU.ActiveCfg = Debug|Any CPU
		{AC863E8E-D1E2-45CA-AE87-B1C6DADD0181}.Debug|Any CPU.Build.0 = Debug|Any CPU
		{AC863E8E-D1E2-45CA-AE87-B1C6DADD0181}.Release|Any CPU.ActiveCfg = Release|Any CPU
		{AC863E8E-D1E2-45CA-AE87-B1C6DADD0181}.Release|Any CPU.Build.0 = Release|Any CPU
		{A7B0C74D-C1E9-4655-A9DF-0E9D9C2B7A61}.Debug|Any CPU.ActiveCfg = Debug|Any CPU
		{A7B0C74D-C1E9-4655-A9DF-0E9D9C2B7A61}.Debug|Any CPU.Build.0 = Debug|Any CPU
		{A7B0C74D-C1E9-4655-A9DF-0E9D9C2B7A61}.Release|Any CPU.ActiveCfg = Release|Any CPU
		{A7B0C74D-C1E9-4655-A9DF-0E9D9C2B7A61}.Release|Any CPU.Build.0 = Release|Any CPU
		{E38A07C8-D4DB-4BC8-BA3C-BAB30FA087FB}.Debug|Any CPU.ActiveCfg = Debug|Any CPU
		{E38A07C8-D4DB-4BC8-BA3C-BAB30FA087FB}.Debug|Any CPU.Build.0 = Debug|Any CPU
		{E38A07C8-D4DB-4BC8-BA3C-BAB30FA087FB}.Release|Any CPU.ActiveCfg = Release|Any CPU
		{E38A07C8-D4DB-4BC8-BA3C-BAB30FA087FB}.Release|Any CPU.Build.0 = Release|Any CPU
		{A22F4B86-0626-4AD9-9F0C-AB188A6BA4F9}.Debug|Any CPU.ActiveCfg = Debug|Any CPU
		{A22F4B86-0626-4AD9-9F0C-AB188A6BA4F9}.Debug|Any CPU.Build.0 = Debug|Any CPU
		{A22F4B86-0626-4AD9-9F0C-AB188A6BA4F9}.Release|Any CPU.ActiveCfg = Release|Any CPU
		{A22F4B86-0626-4AD9-9F0C-AB188A6BA4F9}.Release|Any CPU.Build.0 = Release|Any CPU
		{6CDCCA22-CD3F-4CB3-B3F3-8264D00FB5C3}.Debug|Any CPU.ActiveCfg = Debug|Any CPU
		{6CDCCA22-CD3F-4CB3-B3F3-8264D00FB5C3}.Debug|Any CPU.Build.0 = Debug|Any CPU
		{6CDCCA22-CD3F-4CB3-B3F3-8264D00FB5C3}.Release|Any CPU.ActiveCfg = Release|Any CPU
		{6CDCCA22-CD3F-4CB3-B3F3-8264D00FB5C3}.Release|Any CPU.Build.0 = Release|Any CPU
		{DF8C488F-F6E8-4F85-B914-9182B9468255}.Debug|Any CPU.ActiveCfg = Debug|Any CPU
		{DF8C488F-F6E8-4F85-B914-9182B9468255}.Debug|Any CPU.Build.0 = Debug|Any CPU
		{DF8C488F-F6E8-4F85-B914-9182B9468255}.Release|Any CPU.ActiveCfg = Release|Any CPU
		{DF8C488F-F6E8-4F85-B914-9182B9468255}.Release|Any CPU.Build.0 = Release|Any CPU
		{525705E3-E611-4E9F-991C-FE1FCF2EAC1C}.Debug|Any CPU.ActiveCfg = Debug|Any CPU
		{525705E3-E611-4E9F-991C-FE1FCF2EAC1C}.Debug|Any CPU.Build.0 = Debug|Any CPU
		{525705E3-E611-4E9F-991C-FE1FCF2EAC1C}.Release|Any CPU.ActiveCfg = Release|Any CPU
		{525705E3-E611-4E9F-991C-FE1FCF2EAC1C}.Release|Any CPU.Build.0 = Release|Any CPU
		{1CD60B6A-88FD-49C8-8788-57CFF06A588E}.Debug|Any CPU.ActiveCfg = Debug|Any CPU
		{1CD60B6A-88FD-49C8-8788-57CFF06A588E}.Debug|Any CPU.Build.0 = Debug|Any CPU
		{1CD60B6A-88FD-49C8-8788-57CFF06A588E}.Release|Any CPU.ActiveCfg = Release|Any CPU
		{1CD60B6A-88FD-49C8-8788-57CFF06A588E}.Release|Any CPU.Build.0 = Release|Any CPU
		{CACB029A-4BB0-449F-A882-FB81644E494D}.Debug|Any CPU.ActiveCfg = Debug|Any CPU
		{CACB029A-4BB0-449F-A882-FB81644E494D}.Debug|Any CPU.Build.0 = Debug|Any CPU
		{CACB029A-4BB0-449F-A882-FB81644E494D}.Release|Any CPU.ActiveCfg = Release|Any CPU
		{CACB029A-4BB0-449F-A882-FB81644E494D}.Release|Any CPU.Build.0 = Release|Any CPU
		{21FFA49C-7D5B-481E-8833-60AA975F92B6}.Debug|Any CPU.ActiveCfg = Debug|Any CPU
		{21FFA49C-7D5B-481E-8833-60AA975F92B6}.Debug|Any CPU.Build.0 = Debug|Any CPU
		{21FFA49C-7D5B-481E-8833-60AA975F92B6}.Release|Any CPU.ActiveCfg = Release|Any CPU
		{21FFA49C-7D5B-481E-8833-60AA975F92B6}.Release|Any CPU.Build.0 = Release|Any CPU
		{2B5D3570-9415-46DF-B070-9028DF418E49}.Debug|Any CPU.ActiveCfg = Debug|Any CPU
		{2B5D3570-9415-46DF-B070-9028DF418E49}.Debug|Any CPU.Build.0 = Debug|Any CPU
		{2B5D3570-9415-46DF-B070-9028DF418E49}.Release|Any CPU.ActiveCfg = Release|Any CPU
		{2B5D3570-9415-46DF-B070-9028DF418E49}.Release|Any CPU.Build.0 = Release|Any CPU
		{6EF9F6CF-E58F-4B56-91F7-1B69DC797179}.Debug|Any CPU.ActiveCfg = Debug|Any CPU
		{6EF9F6CF-E58F-4B56-91F7-1B69DC797179}.Debug|Any CPU.Build.0 = Debug|Any CPU
		{6EF9F6CF-E58F-4B56-91F7-1B69DC797179}.Release|Any CPU.ActiveCfg = Release|Any CPU
		{6EF9F6CF-E58F-4B56-91F7-1B69DC797179}.Release|Any CPU.Build.0 = Release|Any CPU
		{4902DEBB-F143-42E3-99C2-60597B1D64A2}.Debug|Any CPU.ActiveCfg = Debug|Any CPU
		{4902DEBB-F143-42E3-99C2-60597B1D64A2}.Debug|Any CPU.Build.0 = Debug|Any CPU
		{4902DEBB-F143-42E3-99C2-60597B1D64A2}.Release|Any CPU.ActiveCfg = Release|Any CPU
		{4902DEBB-F143-42E3-99C2-60597B1D64A2}.Release|Any CPU.Build.0 = Release|Any CPU
	EndGlobalSection
	GlobalSection(SolutionProperties) = preSolution
		HideSolutionNode = FALSE
	EndGlobalSection
	GlobalSection(NestedProjects) = preSolution
		{AC863E8E-D1E2-45CA-AE87-B1C6DADD0181} = {77159EFD-2F9F-425F-BDFA-AE0C7F7FC580}
		{A7B0C74D-C1E9-4655-A9DF-0E9D9C2B7A61} = {77159EFD-2F9F-425F-BDFA-AE0C7F7FC580}
		{E38A07C8-D4DB-4BC8-BA3C-BAB30FA087FB} = {77159EFD-2F9F-425F-BDFA-AE0C7F7FC580}
		{A22F4B86-0626-4AD9-9F0C-AB188A6BA4F9} = {77159EFD-2F9F-425F-BDFA-AE0C7F7FC580}
		{6CDCCA22-CD3F-4CB3-B3F3-8264D00FB5C3} = {E49FC3B4-F6EE-4DF6-B206-F3E57CCD3D62}
		{DF8C488F-F6E8-4F85-B914-9182B9468255} = {E49FC3B4-F6EE-4DF6-B206-F3E57CCD3D62}
		{525705E3-E611-4E9F-991C-FE1FCF2EAC1C} = {77159EFD-2F9F-425F-BDFA-AE0C7F7FC580}
		{1CD60B6A-88FD-49C8-8788-57CFF06A588E} = {77159EFD-2F9F-425F-BDFA-AE0C7F7FC580}
		{CACB029A-4BB0-449F-A882-FB81644E494D} = {77159EFD-2F9F-425F-BDFA-AE0C7F7FC580}
		{21FFA49C-7D5B-481E-8833-60AA975F92B6} = {77159EFD-2F9F-425F-BDFA-AE0C7F7FC580}
		{2B5D3570-9415-46DF-B070-9028DF418E49} = {2070F7E5-020E-44C2-ACF9-2BCC4DBE9447}
		{6EF9F6CF-E58F-4B56-91F7-1B69DC797179} = {2070F7E5-020E-44C2-ACF9-2BCC4DBE9447}
		{4902DEBB-F143-42E3-99C2-60597B1D64A2} = {E49FC3B4-F6EE-4DF6-B206-F3E57CCD3D62}
	EndGlobalSection
	GlobalSection(ExtensibilityGlobals) = postSolution
		SolutionGuid = {C755494D-E6FD-4BB7-829C-746960B114F2}
	EndGlobalSection
EndGlobal
